
Microsoft Visual Studio Solution File, Format Version 12.00
# Visual Studio Version 17
VisualStudioVersion = 17.6.33513.286
MinimumVisualStudioVersion = 10.0.40219.1
Project("{9A19103F-16F7-4668-BE54-9A1E7A4F7556}") = "Wavee.UI.WinUI", "Wavee.UI.WinUI.csproj", "{26859775-1215-4AED-BB3E-A5B5E2E701A5}"
EndProject
Project("{9A19103F-16F7-4668-BE54-9A1E7A4F7556}") = "Wavee.UI", "..\Wavee.UI\Wavee.UI.csproj", "{1B3BEE80-3FD1-4159-B291-BF2C1B3F8441}"
EndProject
Project("{FAE04EC0-301F-11D3-BF4B-00C04F79EFBC}") = "Wavee.UI.Fake", "..\Wavee.UI.Fake\Wavee.UI.Fake.csproj", "{DEE21E86-FDB5-4683-B7D9-99A22A335611}"
EndProject
Project("{9A19103F-16F7-4668-BE54-9A1E7A4F7556}") = "Wavee", "..\..\..\..\..\dev\personal\Eum.Windows\WaveeLib\src\Wavee.Core\Wavee.csproj", "{C00B06F0-BB31-48F9-A3C0-A001E77125A7}"
EndProject
Project("{9A19103F-16F7-4668-BE54-9A1E7A4F7556}") = "Wavee.Spotify", "..\..\..\..\..\dev\personal\Eum.Windows\WaveeLib\src\Wavee.Spotify\Wavee.Spotify.csproj", "{8EFE9719-5804-48AF-9FC1-0433E30B27FF}"
EndProject
Project("{2150E333-8FDC-42A3-9474-1A3956D46DE8}") = "Core", "Core", "{0573688C-0C2D-4AC7-9939-777ED5833C75}"
EndProject
Global
	GlobalSection(SolutionConfigurationPlatforms) = preSolution
		Debug|Any CPU = Debug|Any CPU
		Debug|ARM64 = Debug|ARM64
		Debug|x64 = Debug|x64
		Debug|x86 = Debug|x86
		Release|Any CPU = Release|Any CPU
		Release|ARM64 = Release|ARM64
		Release|x64 = Release|x64
		Release|x86 = Release|x86
	EndGlobalSection
	GlobalSection(ProjectConfigurationPlatforms) = postSolution
		{26859775-1215-4AED-BB3E-A5B5E2E701A5}.Debug|Any CPU.ActiveCfg = Debug|x64
		{26859775-1215-4AED-BB3E-A5B5E2E701A5}.Debug|Any CPU.Build.0 = Debug|x64
		{26859775-1215-4AED-BB3E-A5B5E2E701A5}.Debug|Any CPU.Deploy.0 = Debug|x64
		{26859775-1215-4AED-BB3E-A5B5E2E701A5}.Debug|ARM64.ActiveCfg = Debug|ARM64
		{26859775-1215-4AED-BB3E-A5B5E2E701A5}.Debug|ARM64.Build.0 = Debug|ARM64
		{26859775-1215-4AED-BB3E-A5B5E2E701A5}.Debug|x64.ActiveCfg = Debug|x64
		{26859775-1215-4AED-BB3E-A5B5E2E701A5}.Debug|x64.Build.0 = Debug|x64
		{26859775-1215-4AED-BB3E-A5B5E2E701A5}.Debug|x64.Deploy.0 = Debug|x64
		{26859775-1215-4AED-BB3E-A5B5E2E701A5}.Debug|x86.ActiveCfg = Debug|x86
		{26859775-1215-4AED-BB3E-A5B5E2E701A5}.Debug|x86.Build.0 = Debug|x86
		{26859775-1215-4AED-BB3E-A5B5E2E701A5}.Release|Any CPU.ActiveCfg = Release|x64
		{26859775-1215-4AED-BB3E-A5B5E2E701A5}.Release|Any CPU.Build.0 = Release|x64
		{26859775-1215-4AED-BB3E-A5B5E2E701A5}.Release|Any CPU.Deploy.0 = Release|x64
		{26859775-1215-4AED-BB3E-A5B5E2E701A5}.Release|ARM64.ActiveCfg = Release|ARM64
		{26859775-1215-4AED-BB3E-A5B5E2E701A5}.Release|ARM64.Build.0 = Release|ARM64
		{26859775-1215-4AED-BB3E-A5B5E2E701A5}.Release|x64.ActiveCfg = Release|x64
		{26859775-1215-4AED-BB3E-A5B5E2E701A5}.Release|x64.Build.0 = Release|x64
		{26859775-1215-4AED-BB3E-A5B5E2E701A5}.Release|x86.ActiveCfg = Release|x86
		{26859775-1215-4AED-BB3E-A5B5E2E701A5}.Release|x86.Build.0 = Release|x86
		{1B3BEE80-3FD1-4159-B291-BF2C1B3F8441}.Debug|Any CPU.ActiveCfg = Debug|Any CPU
		{1B3BEE80-3FD1-4159-B291-BF2C1B3F8441}.Debug|Any CPU.Build.0 = Debug|Any CPU
		{1B3BEE80-3FD1-4159-B291-BF2C1B3F8441}.Debug|ARM64.ActiveCfg = Debug|Any CPU
		{1B3BEE80-3FD1-4159-B291-BF2C1B3F8441}.Debug|ARM64.Build.0 = Debug|Any CPU
		{1B3BEE80-3FD1-4159-B291-BF2C1B3F8441}.Debug|x64.ActiveCfg = Debug|Any CPU
		{1B3BEE80-3FD1-4159-B291-BF2C1B3F8441}.Debug|x64.Build.0 = Debug|Any CPU
		{1B3BEE80-3FD1-4159-B291-BF2C1B3F8441}.Debug|x86.ActiveCfg = Debug|Any CPU
		{1B3BEE80-3FD1-4159-B291-BF2C1B3F8441}.Debug|x86.Build.0 = Debug|Any CPU
		{1B3BEE80-3FD1-4159-B291-BF2C1B3F8441}.Release|Any CPU.ActiveCfg = Release|Any CPU
		{1B3BEE80-3FD1-4159-B291-BF2C1B3F8441}.Release|Any CPU.Build.0 = Release|Any CPU
		{1B3BEE80-3FD1-4159-B291-BF2C1B3F8441}.Release|ARM64.ActiveCfg = Release|Any CPU
		{1B3BEE80-3FD1-4159-B291-BF2C1B3F8441}.Release|ARM64.Build.0 = Release|Any CPU
		{1B3BEE80-3FD1-4159-B291-BF2C1B3F8441}.Release|x64.ActiveCfg = Release|Any CPU
		{1B3BEE80-3FD1-4159-B291-BF2C1B3F8441}.Release|x64.Build.0 = Release|Any CPU
		{1B3BEE80-3FD1-4159-B291-BF2C1B3F8441}.Release|x86.ActiveCfg = Release|Any CPU
		{1B3BEE80-3FD1-4159-B291-BF2C1B3F8441}.Release|x86.Build.0 = Release|Any CPU
		{DEE21E86-FDB5-4683-B7D9-99A22A335611}.Debug|Any CPU.ActiveCfg = Debug|Any CPU
		{DEE21E86-FDB5-4683-B7D9-99A22A335611}.Debug|Any CPU.Build.0 = Debug|Any CPU
		{DEE21E86-FDB5-4683-B7D9-99A22A335611}.Debug|ARM64.ActiveCfg = Debug|Any CPU
		{DEE21E86-FDB5-4683-B7D9-99A22A335611}.Debug|ARM64.Build.0 = Debug|Any CPU
		{DEE21E86-FDB5-4683-B7D9-99A22A335611}.Debug|x64.ActiveCfg = Debug|Any CPU
		{DEE21E86-FDB5-4683-B7D9-99A22A335611}.Debug|x64.Build.0 = Debug|Any CPU
		{DEE21E86-FDB5-4683-B7D9-99A22A335611}.Debug|x86.ActiveCfg = Debug|Any CPU
		{DEE21E86-FDB5-4683-B7D9-99A22A335611}.Debug|x86.Build.0 = Debug|Any CPU
		{DEE21E86-FDB5-4683-B7D9-99A22A335611}.Release|Any CPU.ActiveCfg = Release|Any CPU
		{DEE21E86-FDB5-4683-B7D9-99A22A335611}.Release|Any CPU.Build.0 = Release|Any CPU
		{DEE21E86-FDB5-4683-B7D9-99A22A335611}.Release|ARM64.ActiveCfg = Release|Any CPU
		{DEE21E86-FDB5-4683-B7D9-99A22A335611}.Release|ARM64.Build.0 = Release|Any CPU
		{DEE21E86-FDB5-4683-B7D9-99A22A335611}.Release|x64.ActiveCfg = Release|Any CPU
		{DEE21E86-FDB5-4683-B7D9-99A22A335611}.Release|x64.Build.0 = Release|Any CPU
		{DEE21E86-FDB5-4683-B7D9-99A22A335611}.Release|x86.ActiveCfg = Release|Any CPU
		{DEE21E86-FDB5-4683-B7D9-99A22A335611}.Release|x86.Build.0 = Release|Any CPU
		{C00B06F0-BB31-48F9-A3C0-A001E77125A7}.Debug|Any CPU.ActiveCfg = Debug|Any CPU
		{C00B06F0-BB31-48F9-A3C0-A001E77125A7}.Debug|Any CPU.Build.0 = Debug|Any CPU
		{C00B06F0-BB31-48F9-A3C0-A001E77125A7}.Debug|ARM64.ActiveCfg = Debug|Any CPU
		{C00B06F0-BB31-48F9-A3C0-A001E77125A7}.Debug|ARM64.Build.0 = Debug|Any CPU
		{C00B06F0-BB31-48F9-A3C0-A001E77125A7}.Debug|x64.ActiveCfg = Debug|Any CPU
		{C00B06F0-BB31-48F9-A3C0-A001E77125A7}.Debug|x64.Build.0 = Debug|Any CPU
		{C00B06F0-BB31-48F9-A3C0-A001E77125A7}.Debug|x86.ActiveCfg = Debug|Any CPU
		{C00B06F0-BB31-48F9-A3C0-A001E77125A7}.Debug|x86.Build.0 = Debug|Any CPU
		{C00B06F0-BB31-48F9-A3C0-A001E77125A7}.Release|Any CPU.ActiveCfg = Release|Any CPU
		{C00B06F0-BB31-48F9-A3C0-A001E77125A7}.Release|Any CPU.Build.0 = Release|Any CPU
		{C00B06F0-BB31-48F9-A3C0-A001E77125A7}.Release|ARM64.ActiveCfg = Release|Any CPU
		{C00B06F0-BB31-48F9-A3C0-A001E77125A7}.Release|ARM64.Build.0 = Release|Any CPU
		{C00B06F0-BB31-48F9-A3C0-A001E77125A7}.Release|x64.ActiveCfg = Release|Any CPU
		{C00B06F0-BB31-48F9-A3C0-A001E77125A7}.Release|x64.Build.0 = Release|Any CPU
		{C00B06F0-BB31-48F9-A3C0-A001E77125A7}.Release|x86.ActiveCfg = Release|Any CPU
		{C00B06F0-BB31-48F9-A3C0-A001E77125A7}.Release|x86.Build.0 = Release|Any CPU
		{8EFE9719-5804-48AF-9FC1-0433E30B27FF}.Debug|Any CPU.ActiveCfg = Debug|Any CPU
		{8EFE9719-5804-48AF-9FC1-0433E30B27FF}.Debug|Any CPU.Build.0 = Debug|Any CPU
		{8EFE9719-5804-48AF-9FC1-0433E30B27FF}.Debug|ARM64.ActiveCfg = Debug|Any CPU
		{8EFE9719-5804-48AF-9FC1-0433E30B27FF}.Debug|ARM64.Build.0 = Debug|Any CPU
		{8EFE9719-5804-48AF-9FC1-0433E30B27FF}.Debug|x64.ActiveCfg = Debug|Any CPU
		{8EFE9719-5804-48AF-9FC1-0433E30B27FF}.Debug|x64.Build.0 = Debug|Any CPU
		{8EFE9719-5804-48AF-9FC1-0433E30B27FF}.Debug|x86.ActiveCfg = Debug|Any CPU
		{8EFE9719-5804-48AF-9FC1-0433E30B27FF}.Debug|x86.Build.0 = Debug|Any CPU
		{8EFE9719-5804-48AF-9FC1-0433E30B27FF}.Release|Any CPU.ActiveCfg = Release|Any CPU
		{8EFE9719-5804-48AF-9FC1-0433E30B27FF}.Release|Any CPU.Build.0 = Release|Any CPU
		{8EFE9719-5804-48AF-9FC1-0433E30B27FF}.Release|ARM64.ActiveCfg = Release|Any CPU
		{8EFE9719-5804-48AF-9FC1-0433E30B27FF}.Release|ARM64.Build.0 = Release|Any CPU
		{8EFE9719-5804-48AF-9FC1-0433E30B27FF}.Release|x64.ActiveCfg = Release|Any CPU
		{8EFE9719-5804-48AF-9FC1-0433E30B27FF}.Release|x64.Build.0 = Release|Any CPU
		{8EFE9719-5804-48AF-9FC1-0433E30B27FF}.Release|x86.ActiveCfg = Release|Any CPU
		{8EFE9719-5804-48AF-9FC1-0433E30B27FF}.Release|x86.Build.0 = Release|Any CPU
	EndGlobalSection
	GlobalSection(SolutionProperties) = preSolution
		HideSolutionNode = FALSE
	EndGlobalSection
	GlobalSection(NestedProjects) = preSolution
		{C00B06F0-BB31-48F9-A3C0-A001E77125A7} = {0573688C-0C2D-4AC7-9939-777ED5833C75}
		{8EFE9719-5804-48AF-9FC1-0433E30B27FF} = {0573688C-0C2D-4AC7-9939-777ED5833C75}
	EndGlobalSection
	GlobalSection(ExtensibilityGlobals) = postSolution
		SolutionGuid = {0313EC0B-B0E8-40D0-AC0B-77DC2478EE16}
	EndGlobalSection
EndGlobal
